
Microsoft Visual Studio Solution File, Format Version 12.00
# Visual Studio Version 17
VisualStudioVersion = 17.14.36915.13 d17.14
MinimumVisualStudioVersion = 10.0.40219.1
Project("{FAE04EC0-301F-11D3-BF4B-00C04F79EFBC}") = "IS 1-2 rebuild", "IS 1-2 rebuild.csproj", "{C7B1D887-5AEB-4333-8F37-1655B71216B0}"
EndProject
Global
	GlobalSection(SolutionConfigurationPlatforms) = preSolution
		Debug|Any CPU = Debug|Any CPU
		Release|Any CPU = Release|Any CPU
	EndGlobalSection
	GlobalSection(ProjectConfigurationPlatforms) = postSolution
		{C7B1D887-5AEB-4333-8F37-1655B71216B0}.Debug|Any CPU.ActiveCfg = Debug|Any CPU
		{C7B1D887-5AEB-4333-8F37-1655B71216B0}.Debug|Any CPU.Build.0 = Debug|Any CPU
		{C7B1D887-5AEB-4333-8F37-1655B71216B0}.Release|Any CPU.ActiveCfg = Release|Any CPU
		{C7B1D887-5AEB-4333-8F37-1655B71216B0}.Release|Any CPU.Build.0 = Release|Any CPU
	EndGlobalSection
	GlobalSection(SolutionProperties) = preSolution
		HideSolutionNode = FALSE
	EndGlobalSection
	GlobalSection(ExtensibilityGlobals) = postSolution
		SolutionGuid = {CF9AE2FE-7B2B-43A7-AE70-4BAB1EF643FE}
	EndGlobalSection
EndGlobal
